
Microsoft Visual Studio Solution File, Format Version 12.00
# Visual Studio Version 16
VisualStudioVersion = 16.0.29728.190
MinimumVisualStudioVersion = 10.0.40219.1
Project("{FAE04EC0-301F-11D3-BF4B-00C04F79EFBC}") = "TestProject", "TestProject\TestProject.csproj", "{31893DE0-CCF1-469E-A0D3-6194D4CA483E}"
EndProject
Global
	GlobalSection(SolutionConfigurationPlatforms) = preSolution
		Debug|Any CPU = Debug|Any CPU
		Release|Any CPU = Release|Any CPU
	EndGlobalSection
	GlobalSection(ProjectConfigurationPlatforms) = postSolution
		{31893DE0-CCF1-469E-A0D3-6194D4CA483E}.Debug|Any CPU.ActiveCfg = Debug|Any CPU
		{31893DE0-CCF1-469E-A0D3-6194D4CA483E}.Debug|Any CPU.Build.0 = Debug|Any CPU
		{31893DE0-CCF1-469E-A0D3-6194D4CA483E}.Release|Any CPU.ActiveCfg = Release|Any CPU
		{31893DE0-CCF1-469E-A0D3-6194D4CA483E}.Release|Any CPU.Build.0 = Release|Any CPU
	EndGlobalSection
	GlobalSection(SolutionProperties) = preSolution
		HideSolutionNode = FALSE
	EndGlobalSection
	GlobalSection(ExtensibilityGlobals) = postSolution
		SolutionGuid = {781FE504-DF76-49B1-A586-E8E9446F3482}
	EndGlobalSection
EndGlobal
